
Microsoft Visual Studio Solution File, Format Version 12.00
# Visual Studio Version 17
VisualStudioVersion = 17.8.34525.116
MinimumVisualStudioVersion = 10.0.40219.1
Project("{00D1A9C2-B5F0-4AF3-8072-F6C62B433612}") = "DB_EcoEcommerce", "DB_EcoEcommerce\DB_EcoEcommerce.sqlproj", "{EF04B5B4-91B4-4BC9-9064-B1DD90F6258F}"
EndProject
Project("{FAE04EC0-301F-11D3-BF4B-00C04F79EFBC}") = "ASP_EcoEcommerce", "ASP_EcoEcommerce\ASP_EcoEcommerce.csproj", "{A437F3F2-F228-4871-A016-787F7312DE28}"
EndProject
Project("{FAE04EC0-301F-11D3-BF4B-00C04F79EFBC}") = "DAL_EcoEcommerce", "DAL_EcoEcommerce\DAL_EcoEcommerce.csproj", "{53A1BFE1-5518-451E-AD2A-DFF63C498B22}"
EndProject
Project("{FAE04EC0-301F-11D3-BF4B-00C04F79EFBC}") = "BLL_EcoEcommerce", "BLL_EcoEcommerce\BLL_EcoEcommerce.csproj", "{E8E79A90-0CEC-4577-BDFF-955D27CD09BE}"
EndProject
Project("{FAE04EC0-301F-11D3-BF4B-00C04F79EFBC}") = "Shared_EcoEcommerce", "Shared_EcoEcommerce\Shared_EcoEcommerce.csproj", "{7B064C44-AE81-446D-834B-0952BD5883B6}"
EndProject
Global
	GlobalSection(SolutionConfigurationPlatforms) = preSolution
		Debug|Any CPU = Debug|Any CPU
		Release|Any CPU = Release|Any CPU
	EndGlobalSection
	GlobalSection(ProjectConfigurationPlatforms) = postSolution
		{EF04B5B4-91B4-4BC9-9064-B1DD90F6258F}.Debug|Any CPU.ActiveCfg = Debug|Any CPU
		{EF04B5B4-91B4-4BC9-9064-B1DD90F6258F}.Debug|Any CPU.Build.0 = Debug|Any CPU
		{EF04B5B4-91B4-4BC9-9064-B1DD90F6258F}.Debug|Any CPU.Deploy.0 = Debug|Any CPU
		{EF04B5B4-91B4-4BC9-9064-B1DD90F6258F}.Release|Any CPU.ActiveCfg = Release|Any CPU
		{EF04B5B4-91B4-4BC9-9064-B1DD90F6258F}.Release|Any CPU.Build.0 = Release|Any CPU
		{EF04B5B4-91B4-4BC9-9064-B1DD90F6258F}.Release|Any CPU.Deploy.0 = Release|Any CPU
		{A437F3F2-F228-4871-A016-787F7312DE28}.Debug|Any CPU.ActiveCfg = Debug|Any CPU
		{A437F3F2-F228-4871-A016-787F7312DE28}.Debug|Any CPU.Build.0 = Debug|Any CPU
		{A437F3F2-F228-4871-A016-787F7312DE28}.Release|Any CPU.ActiveCfg = Release|Any CPU
		{A437F3F2-F228-4871-A016-787F7312DE28}.Release|Any CPU.Build.0 = Release|Any CPU
		{53A1BFE1-5518-451E-AD2A-DFF63C498B22}.Debug|Any CPU.ActiveCfg = Debug|Any CPU
		{53A1BFE1-5518-451E-AD2A-DFF63C498B22}.Debug|Any CPU.Build.0 = Debug|Any CPU
		{53A1BFE1-5518-451E-AD2A-DFF63C498B22}.Release|Any CPU.ActiveCfg = Release|Any CPU
		{53A1BFE1-5518-451E-AD2A-DFF63C498B22}.Release|Any CPU.Build.0 = Release|Any CPU
		{E8E79A90-0CEC-4577-BDFF-955D27CD09BE}.Debug|Any CPU.ActiveCfg = Debug|Any CPU
		{E8E79A90-0CEC-4577-BDFF-955D27CD09BE}.Debug|Any CPU.Build.0 = Debug|Any CPU
		{E8E79A90-0CEC-4577-BDFF-955D27CD09BE}.Release|Any CPU.ActiveCfg = Release|Any CPU
		{E8E79A90-0CEC-4577-BDFF-955D27CD09BE}.Release|Any CPU.Build.0 = Release|Any CPU
		{7B064C44-AE81-446D-834B-0952BD5883B6}.Debug|Any CPU.ActiveCfg = Debug|Any CPU
		{7B064C44-AE81-446D-834B-0952BD5883B6}.Debug|Any CPU.Build.0 = Debug|Any CPU
		{7B064C44-AE81-446D-834B-0952BD5883B6}.Release|Any CPU.ActiveCfg = Release|Any CPU
		{7B064C44-AE81-446D-834B-0952BD5883B6}.Release|Any CPU.Build.0 = Release|Any CPU
	EndGlobalSection
	GlobalSection(SolutionProperties) = preSolution
		HideSolutionNode = FALSE
	EndGlobalSection
	GlobalSection(ExtensibilityGlobals) = postSolution
		SolutionGuid = {E6415972-D33B-4EE1-B4B0-40102EB8755E}
	EndGlobalSection
EndGlobal
